
Microsoft Visual Studio Solution File, Format Version 12.00
Project("{FAE04EC0-301F-11D3-BF4B-00C04F79EFBC}") = "Api", "Api\Api.csproj", "{A8AE10F4-A459-42E8-A73D-E96C416B125D}"
EndProject
Project("{2150E333-8FDC-42A3-9474-1A3956D46DE8}") = "backend", "backend", "{D263F912-5231-4C3E-AC1E-FADE8C559602}"
EndProject
Project("{FAE04EC0-301F-11D3-BF4B-00C04F79EFBC}") = "Domain", "Domain\Domain.csproj", "{04F6A3CE-B0AC-4C05-949A-5FD296109527}"
EndProject
Project("{FAE04EC0-301F-11D3-BF4B-00C04F79EFBC}") = "Business", "Business\Business.csproj", "{AC513C69-4F8B-4F55-95F0-636E7A83D882}"
EndProject
Project("{FAE04EC0-301F-11D3-BF4B-00C04F79EFBC}") = "Persistence", "Persistence\Persistence.csproj", "{40585D13-CDA4-4D40-8F9A-D006A03D4593}"
EndProject
Project("{2150E333-8FDC-42A3-9474-1A3956D46DE8}") = "tests", "tests", "{682BBEDF-2D92-4EB6-A64C-23F53AB7525B}"
EndProject
Project("{FAE04EC0-301F-11D3-BF4B-00C04F79EFBC}") = "AuthApi", "AuthApi\AuthApi.csproj", "{5847F5E5-402E-40B6-B4C2-FAA5BB5703D5}"
EndProject
Project("{FAE04EC0-301F-11D3-BF4B-00C04F79EFBC}") = "Interfaces", "Interfaces\Interfaces.csproj", "{E929C6EB-F828-462D-A387-D825CE85D1AC}"
EndProject
Project("{FAE04EC0-301F-11D3-BF4B-00C04F79EFBC}") = "CQRSTests", "CQRSTests\CQRSTests.csproj", "{07B3F9F2-1042-426D-A2DF-D49F66C7BE8E}"
EndProject
Project("{2150E333-8FDC-42A3-9474-1A3956D46DE8}") = "BookApi", "BookApi", "{FA0B0FB7-E3C6-464D-B98F-A364B74A9925}"
	ProjectSection(SolutionItems) = preProject
		Dockerfile = Dockerfile
		.dockerignore = .dockerignore
	EndProjectSection
EndProject
Project("{2150E333-8FDC-42A3-9474-1A3956D46DE8}") = "IdentityApi", "IdentityApi", "{FA4301FE-4508-48C3-BC76-CF635F161EF6}"
EndProject
Project("{2150E333-8FDC-42A3-9474-1A3956D46DE8}") = "Solution Items", "Solution Items", "{9D29DF11-CFC6-47F2-A3B5-8C4E795035D1}"
	ProjectSection(SolutionItems) = preProject
		docker-compose.yml = docker-compose.yml
	EndProjectSection
EndProject
Global
	GlobalSection(SolutionConfigurationPlatforms) = preSolution
		Debug|Any CPU = Debug|Any CPU
		Release|Any CPU = Release|Any CPU
	EndGlobalSection
	GlobalSection(ProjectConfigurationPlatforms) = postSolution
		{A8AE10F4-A459-42E8-A73D-E96C416B125D}.Debug|Any CPU.ActiveCfg = Debug|Any CPU
		{A8AE10F4-A459-42E8-A73D-E96C416B125D}.Debug|Any CPU.Build.0 = Debug|Any CPU
		{A8AE10F4-A459-42E8-A73D-E96C416B125D}.Release|Any CPU.ActiveCfg = Release|Any CPU
		{A8AE10F4-A459-42E8-A73D-E96C416B125D}.Release|Any CPU.Build.0 = Release|Any CPU
		{04F6A3CE-B0AC-4C05-949A-5FD296109527}.Debug|Any CPU.ActiveCfg = Debug|Any CPU
		{04F6A3CE-B0AC-4C05-949A-5FD296109527}.Debug|Any CPU.Build.0 = Debug|Any CPU
		{04F6A3CE-B0AC-4C05-949A-5FD296109527}.Release|Any CPU.ActiveCfg = Release|Any CPU
		{04F6A3CE-B0AC-4C05-949A-5FD296109527}.Release|Any CPU.Build.0 = Release|Any CPU
		{AC513C69-4F8B-4F55-95F0-636E7A83D882}.Debug|Any CPU.ActiveCfg = Debug|Any CPU
		{AC513C69-4F8B-4F55-95F0-636E7A83D882}.Debug|Any CPU.Build.0 = Debug|Any CPU
		{AC513C69-4F8B-4F55-95F0-636E7A83D882}.Release|Any CPU.ActiveCfg = Release|Any CPU
		{AC513C69-4F8B-4F55-95F0-636E7A83D882}.Release|Any CPU.Build.0 = Release|Any CPU
		{40585D13-CDA4-4D40-8F9A-D006A03D4593}.Debug|Any CPU.ActiveCfg = Debug|Any CPU
		{40585D13-CDA4-4D40-8F9A-D006A03D4593}.Debug|Any CPU.Build.0 = Debug|Any CPU
		{40585D13-CDA4-4D40-8F9A-D006A03D4593}.Release|Any CPU.ActiveCfg = Release|Any CPU
		{40585D13-CDA4-4D40-8F9A-D006A03D4593}.Release|Any CPU.Build.0 = Release|Any CPU
		{5847F5E5-402E-40B6-B4C2-FAA5BB5703D5}.Debug|Any CPU.ActiveCfg = Debug|Any CPU
		{5847F5E5-402E-40B6-B4C2-FAA5BB5703D5}.Debug|Any CPU.Build.0 = Debug|Any CPU
		{5847F5E5-402E-40B6-B4C2-FAA5BB5703D5}.Release|Any CPU.ActiveCfg = Release|Any CPU
		{5847F5E5-402E-40B6-B4C2-FAA5BB5703D5}.Release|Any CPU.Build.0 = Release|Any CPU
		{E929C6EB-F828-462D-A387-D825CE85D1AC}.Debug|Any CPU.ActiveCfg = Debug|Any CPU
		{E929C6EB-F828-462D-A387-D825CE85D1AC}.Debug|Any CPU.Build.0 = Debug|Any CPU
		{E929C6EB-F828-462D-A387-D825CE85D1AC}.Release|Any CPU.ActiveCfg = Release|Any CPU
		{E929C6EB-F828-462D-A387-D825CE85D1AC}.Release|Any CPU.Build.0 = Release|Any CPU
		{07B3F9F2-1042-426D-A2DF-D49F66C7BE8E}.Debug|Any CPU.ActiveCfg = Debug|Any CPU
		{07B3F9F2-1042-426D-A2DF-D49F66C7BE8E}.Debug|Any CPU.Build.0 = Debug|Any CPU
		{07B3F9F2-1042-426D-A2DF-D49F66C7BE8E}.Release|Any CPU.ActiveCfg = Release|Any CPU
		{07B3F9F2-1042-426D-A2DF-D49F66C7BE8E}.Release|Any CPU.Build.0 = Release|Any CPU
	EndGlobalSection
	GlobalSection(NestedProjects) = preSolution
		{07B3F9F2-1042-426D-A2DF-D49F66C7BE8E} = {682BBEDF-2D92-4EB6-A64C-23F53AB7525B}
		{FA0B0FB7-E3C6-464D-B98F-A364B74A9925} = {D263F912-5231-4C3E-AC1E-FADE8C559602}
		{A8AE10F4-A459-42E8-A73D-E96C416B125D} = {FA0B0FB7-E3C6-464D-B98F-A364B74A9925}
		{AC513C69-4F8B-4F55-95F0-636E7A83D882} = {FA0B0FB7-E3C6-464D-B98F-A364B74A9925}
		{04F6A3CE-B0AC-4C05-949A-5FD296109527} = {FA0B0FB7-E3C6-464D-B98F-A364B74A9925}
		{E929C6EB-F828-462D-A387-D825CE85D1AC} = {FA0B0FB7-E3C6-464D-B98F-A364B74A9925}
		{40585D13-CDA4-4D40-8F9A-D006A03D4593} = {FA0B0FB7-E3C6-464D-B98F-A364B74A9925}
		{FA4301FE-4508-48C3-BC76-CF635F161EF6} = {D263F912-5231-4C3E-AC1E-FADE8C559602}
		{5847F5E5-402E-40B6-B4C2-FAA5BB5703D5} = {FA4301FE-4508-48C3-BC76-CF635F161EF6}
	EndGlobalSection
EndGlobal
